
Microsoft Visual Studio Solution File, Format Version 12.00
# Visual Studio Version 17
VisualStudioVersion = 17.8.34330.188
MinimumVisualStudioVersion = 10.0.40219.1
Project("{2150E333-8FDC-42A3-9474-1A3956D46DE8}") = "open62541", "open62541", "{B08D2F09-D268-3F57-B171-0C8EEE43B8EA}"
EndProject
Project("{2150E333-8FDC-42A3-9474-1A3956D46DE8}") = "examples", "examples", "{0F9E4F10-1429-3E18-BD95-F1F430D60350}"
EndProject
Project("{2150E333-8FDC-42A3-9474-1A3956D46DE8}") = "lib", "lib", "{C75DBDBF-EB3C-3C75-BF8C-4454F5698950}"
EndProject
Project("{8BC9CEB8-8B4A-11D0-8D11-00A0C91BC942}") = "access_control_client", "access_control_client.vcxproj", "{AE2C1E77-0BD5-38F4-8C14-66CD484A236C}"
	ProjectSection(ProjectDependencies) = postProject
		{EA121FB1-18A8-3858-9177-E9787BDFC913} = {EA121FB1-18A8-3858-9177-E9787BDFC913}
	EndProjectSection
EndProject
Project("{8BC9CEB8-8B4A-11D0-8D11-00A0C91BC942}") = "access_control_server", "access_control_server.vcxproj", "{0F50DA43-9850-3BB6-A484-BD687EA73D35}"
	ProjectSection(ProjectDependencies) = postProject
		{EA121FB1-18A8-3858-9177-E9787BDFC913} = {EA121FB1-18A8-3858-9177-E9787BDFC913}
	EndProjectSection
EndProject
Project("{8BC9CEB8-8B4A-11D0-8D11-00A0C91BC942}") = "client", "client.vcxproj", "{C9FBE886-F100-3623-8C30-709224F4EC47}"
	ProjectSection(ProjectDependencies) = postProject
		{EA121FB1-18A8-3858-9177-E9787BDFC913} = {EA121FB1-18A8-3858-9177-E9787BDFC913}
	EndProjectSection
EndProject
Project("{8BC9CEB8-8B4A-11D0-8D11-00A0C91BC942}") = "client_async", "client_async.vcxproj", "{68139449-13B7-3887-BA13-BE2A78A130BE}"
	ProjectSection(ProjectDependencies) = postProject
		{EA121FB1-18A8-3858-9177-E9787BDFC913} = {EA121FB1-18A8-3858-9177-E9787BDFC913}
	EndProjectSection
EndProject
Project("{8BC9CEB8-8B4A-11D0-8D11-00A0C91BC942}") = "client_connect", "client_connect.vcxproj", "{AD566761-4CDA-3291-B6AE-9BCEDD8B4D29}"
	ProjectSection(ProjectDependencies) = postProject
		{EA121FB1-18A8-3858-9177-E9787BDFC913} = {EA121FB1-18A8-3858-9177-E9787BDFC913}
	EndProjectSection
EndProject
Project("{8BC9CEB8-8B4A-11D0-8D11-00A0C91BC942}") = "client_connect_loop", "client_connect_loop.vcxproj", "{D340A316-D92C-3F1C-AC61-7D3ED1C48BAA}"
	ProjectSection(ProjectDependencies) = postProject
		{EA121FB1-18A8-3858-9177-E9787BDFC913} = {EA121FB1-18A8-3858-9177-E9787BDFC913}
	EndProjectSection
EndProject
Project("{8BC9CEB8-8B4A-11D0-8D11-00A0C91BC942}") = "client_connectivitycheck_loop", "client_connectivitycheck_loop.vcxproj", "{521157A8-3F0F-31EF-8D84-F01CA64DC428}"
	ProjectSection(ProjectDependencies) = postProject
		{EA121FB1-18A8-3858-9177-E9787BDFC913} = {EA121FB1-18A8-3858-9177-E9787BDFC913}
	EndProjectSection
EndProject
Project("{8BC9CEB8-8B4A-11D0-8D11-00A0C91BC942}") = "client_event_filter", "client_event_filter.vcxproj", "{CEED1163-0BEE-31AA-98AB-F3237883D740}"
	ProjectSection(ProjectDependencies) = postProject
		{EA121FB1-18A8-3858-9177-E9787BDFC913} = {EA121FB1-18A8-3858-9177-E9787BDFC913}
	EndProjectSection
EndProject
Project("{8BC9CEB8-8B4A-11D0-8D11-00A0C91BC942}") = "client_subscription_loop", "client_subscription_loop.vcxproj", "{38C3B570-9F6B-3128-9C72-08907530AC29}"
	ProjectSection(ProjectDependencies) = postProject
		{EA121FB1-18A8-3858-9177-E9787BDFC913} = {EA121FB1-18A8-3858-9177-E9787BDFC913}
	EndProjectSection
EndProject
Project("{8BC9CEB8-8B4A-11D0-8D11-00A0C91BC942}") = "custom_datatype_client", "custom_datatype_client.vcxproj", "{0E2B52A9-BFE1-39C2-8C07-DB110ED9315F}"
	ProjectSection(ProjectDependencies) = postProject
		{EA121FB1-18A8-3858-9177-E9787BDFC913} = {EA121FB1-18A8-3858-9177-E9787BDFC913}
	EndProjectSection
EndProject
Project("{8BC9CEB8-8B4A-11D0-8D11-00A0C91BC942}") = "custom_datatype_server", "custom_datatype_server.vcxproj", "{1CD9568D-FA67-3655-A77D-861C604CBF7F}"
	ProjectSection(ProjectDependencies) = postProject
		{EA121FB1-18A8-3858-9177-E9787BDFC913} = {EA121FB1-18A8-3858-9177-E9787BDFC913}
	EndProjectSection
EndProject
Project("{8BC9CEB8-8B4A-11D0-8D11-00A0C91BC942}") = "open62541", "..\open62541.vcxproj", "{EA121FB1-18A8-3858-9177-E9787BDFC913}"
	ProjectSection(ProjectDependencies) = postProject
		{1C6F5E4A-B5D1-3BDF-B40A-AB916DCECCC4} = {1C6F5E4A-B5D1-3BDF-B40A-AB916DCECCC4}
		{5CE1C7BA-F802-366A-B9C1-0E51EF880B5D} = {5CE1C7BA-F802-366A-B9C1-0E51EF880B5D}
	EndProjectSection
EndProject
Project("{8BC9CEB8-8B4A-11D0-8D11-00A0C91BC942}") = "open62541-object", "..\open62541-object.vcxproj", "{1C6F5E4A-B5D1-3BDF-B40A-AB916DCECCC4}"
EndProject
Project("{8BC9CEB8-8B4A-11D0-8D11-00A0C91BC942}") = "open62541-plugins", "..\open62541-plugins.vcxproj", "{5CE1C7BA-F802-366A-B9C1-0E51EF880B5D}"
EndProject
Project("{8BC9CEB8-8B4A-11D0-8D11-00A0C91BC942}") = "server_ctt", "server_ctt.vcxproj", "{F1173030-C821-348A-8660-3B6CE2614D1B}"
	ProjectSection(ProjectDependencies) = postProject
		{EA121FB1-18A8-3858-9177-E9787BDFC913} = {EA121FB1-18A8-3858-9177-E9787BDFC913}
	EndProjectSection
EndProject
Project("{8BC9CEB8-8B4A-11D0-8D11-00A0C91BC942}") = "server_events_random", "server_events_random.vcxproj", "{01C36E3D-4E5B-34E0-A5B5-6CCAC42671B4}"
	ProjectSection(ProjectDependencies) = postProject
		{EA121FB1-18A8-3858-9177-E9787BDFC913} = {EA121FB1-18A8-3858-9177-E9787BDFC913}
	EndProjectSection
EndProject
Project("{8BC9CEB8-8B4A-11D0-8D11-00A0C91BC942}") = "server_inheritance", "server_inheritance.vcxproj", "{53C5ABAA-2427-3E53-BA80-1752BE5415D4}"
	ProjectSection(ProjectDependencies) = postProject
		{EA121FB1-18A8-3858-9177-E9787BDFC913} = {EA121FB1-18A8-3858-9177-E9787BDFC913}
	EndProjectSection
EndProject
Project("{8BC9CEB8-8B4A-11D0-8D11-00A0C91BC942}") = "server_instantiation", "server_instantiation.vcxproj", "{AD6D0342-DFC0-3F78-82E7-4C82C016DC69}"
	ProjectSection(ProjectDependencies) = postProject
		{EA121FB1-18A8-3858-9177-E9787BDFC913} = {EA121FB1-18A8-3858-9177-E9787BDFC913}
	EndProjectSection
EndProject
Project("{8BC9CEB8-8B4A-11D0-8D11-00A0C91BC942}") = "server_loglevel", "server_loglevel.vcxproj", "{1E0C4E3A-9153-3FC8-BA68-ACA2E1787341}"
	ProjectSection(ProjectDependencies) = postProject
		{EA121FB1-18A8-3858-9177-E9787BDFC913} = {EA121FB1-18A8-3858-9177-E9787BDFC913}
	EndProjectSection
EndProject
Project("{8BC9CEB8-8B4A-11D0-8D11-00A0C91BC942}") = "server_mainloop", "server_mainloop.vcxproj", "{B77DD750-1642-30AA-9DC1-46F1C0135F45}"
	ProjectSection(ProjectDependencies) = postProject
		{EA121FB1-18A8-3858-9177-E9787BDFC913} = {EA121FB1-18A8-3858-9177-E9787BDFC913}
	EndProjectSection
EndProject
Project("{8BC9CEB8-8B4A-11D0-8D11-00A0C91BC942}") = "server_nodeset", "nodeset\server_nodeset.vcxproj", "{778E5F0F-490B-334F-AC27-F1487F5BC0CD}"
	ProjectSection(ProjectDependencies) = postProject
		{EA121FB1-18A8-3858-9177-E9787BDFC913} = {EA121FB1-18A8-3858-9177-E9787BDFC913}
	EndProjectSection
EndProject
Project("{8BC9CEB8-8B4A-11D0-8D11-00A0C91BC942}") = "server_repeated_job", "server_repeated_job.vcxproj", "{32111518-AD64-3D8A-80EB-A14FAADDCD91}"
	ProjectSection(ProjectDependencies) = postProject
		{EA121FB1-18A8-3858-9177-E9787BDFC913} = {EA121FB1-18A8-3858-9177-E9787BDFC913}
	EndProjectSection
EndProject
Project("{8BC9CEB8-8B4A-11D0-8D11-00A0C91BC942}") = "server_settimestamp", "server_settimestamp.vcxproj", "{76FCA428-B031-33EE-8716-C9F5D8309E23}"
	ProjectSection(ProjectDependencies) = postProject
		{EA121FB1-18A8-3858-9177-E9787BDFC913} = {EA121FB1-18A8-3858-9177-E9787BDFC913}
	EndProjectSection
EndProject
Project("{8BC9CEB8-8B4A-11D0-8D11-00A0C91BC942}") = "tutorial_client_events", "tutorial_client_events.vcxproj", "{AFB9A604-5A8B-3893-8A34-09010488274B}"
	ProjectSection(ProjectDependencies) = postProject
		{EA121FB1-18A8-3858-9177-E9787BDFC913} = {EA121FB1-18A8-3858-9177-E9787BDFC913}
	EndProjectSection
EndProject
Project("{8BC9CEB8-8B4A-11D0-8D11-00A0C91BC942}") = "tutorial_client_firststeps", "tutorial_client_firststeps.vcxproj", "{66830DFF-6EE5-36F0-B32C-274830451E4E}"
	ProjectSection(ProjectDependencies) = postProject
		{EA121FB1-18A8-3858-9177-E9787BDFC913} = {EA121FB1-18A8-3858-9177-E9787BDFC913}
	EndProjectSection
EndProject
Project("{8BC9CEB8-8B4A-11D0-8D11-00A0C91BC942}") = "tutorial_datatypes", "tutorial_datatypes.vcxproj", "{00200997-BB32-3C79-BC0B-81D22D45B2CD}"
	ProjectSection(ProjectDependencies) = postProject
		{EA121FB1-18A8-3858-9177-E9787BDFC913} = {EA121FB1-18A8-3858-9177-E9787BDFC913}
	EndProjectSection
EndProject
Project("{8BC9CEB8-8B4A-11D0-8D11-00A0C91BC942}") = "tutorial_server_datasource", "tutorial_server_datasource.vcxproj", "{03C0A952-F957-327F-8A05-0CF6E7743B99}"
	ProjectSection(ProjectDependencies) = postProject
		{EA121FB1-18A8-3858-9177-E9787BDFC913} = {EA121FB1-18A8-3858-9177-E9787BDFC913}
	EndProjectSection
EndProject
Project("{8BC9CEB8-8B4A-11D0-8D11-00A0C91BC942}") = "tutorial_server_events", "tutorial_server_events.vcxproj", "{46EB3840-C3D9-36C7-8E38-E700812320CA}"
	ProjectSection(ProjectDependencies) = postProject
		{EA121FB1-18A8-3858-9177-E9787BDFC913} = {EA121FB1-18A8-3858-9177-E9787BDFC913}
	EndProjectSection
EndProject
Project("{8BC9CEB8-8B4A-11D0-8D11-00A0C91BC942}") = "tutorial_server_firststeps", "tutorial_server_firststeps.vcxproj", "{939EB7C1-C735-358F-BD09-A7F5D9D8F239}"
	ProjectSection(ProjectDependencies) = postProject
		{EA121FB1-18A8-3858-9177-E9787BDFC913} = {EA121FB1-18A8-3858-9177-E9787BDFC913}
	EndProjectSection
EndProject
Project("{8BC9CEB8-8B4A-11D0-8D11-00A0C91BC942}") = "tutorial_server_method", "tutorial_server_method.vcxproj", "{1ADABE05-3A27-304F-A285-1521D53F6F0F}"
	ProjectSection(ProjectDependencies) = postProject
		{EA121FB1-18A8-3858-9177-E9787BDFC913} = {EA121FB1-18A8-3858-9177-E9787BDFC913}
	EndProjectSection
EndProject
Project("{8BC9CEB8-8B4A-11D0-8D11-00A0C91BC942}") = "tutorial_server_monitoreditems", "tutorial_server_monitoreditems.vcxproj", "{4CC77DC6-531C-3E11-833B-F39BCF0C22BE}"
	ProjectSection(ProjectDependencies) = postProject
		{EA121FB1-18A8-3858-9177-E9787BDFC913} = {EA121FB1-18A8-3858-9177-E9787BDFC913}
	EndProjectSection
EndProject
Project("{8BC9CEB8-8B4A-11D0-8D11-00A0C91BC942}") = "tutorial_server_object", "tutorial_server_object.vcxproj", "{EF5CA190-159A-33B4-A293-489CEEE2EB35}"
	ProjectSection(ProjectDependencies) = postProject
		{EA121FB1-18A8-3858-9177-E9787BDFC913} = {EA121FB1-18A8-3858-9177-E9787BDFC913}
	EndProjectSection
EndProject
Project("{8BC9CEB8-8B4A-11D0-8D11-00A0C91BC942}") = "tutorial_server_variable", "tutorial_server_variable.vcxproj", "{9167FA70-2D9A-3C74-9CD4-D7F0C0DF473E}"
	ProjectSection(ProjectDependencies) = postProject
		{EA121FB1-18A8-3858-9177-E9787BDFC913} = {EA121FB1-18A8-3858-9177-E9787BDFC913}
	EndProjectSection
EndProject
Project("{8BC9CEB8-8B4A-11D0-8D11-00A0C91BC942}") = "tutorial_server_variabletype", "tutorial_server_variabletype.vcxproj", "{CA17D1DC-0D97-36A6-8010-2DB3D9E8C99F}"
	ProjectSection(ProjectDependencies) = postProject
		{EA121FB1-18A8-3858-9177-E9787BDFC913} = {EA121FB1-18A8-3858-9177-E9787BDFC913}
	EndProjectSection
EndProject
Global
	GlobalSection(SolutionConfigurationPlatforms) = preSolution
		Debug|x64 = Debug|x64
		MinSizeRel|x64 = MinSizeRel|x64
		Release|x64 = Release|x64
		RelWithDebInfo|x64 = RelWithDebInfo|x64
	EndGlobalSection
	GlobalSection(ProjectConfigurationPlatforms) = postSolution
		{AE2C1E77-0BD5-38F4-8C14-66CD484A236C}.Debug|x64.ActiveCfg = Debug|x64
		{AE2C1E77-0BD5-38F4-8C14-66CD484A236C}.Debug|x64.Build.0 = Debug|x64
		{AE2C1E77-0BD5-38F4-8C14-66CD484A236C}.MinSizeRel|x64.ActiveCfg = MinSizeRel|x64
		{AE2C1E77-0BD5-38F4-8C14-66CD484A236C}.MinSizeRel|x64.Build.0 = MinSizeRel|x64
		{AE2C1E77-0BD5-38F4-8C14-66CD484A236C}.Release|x64.ActiveCfg = Release|x64
		{AE2C1E77-0BD5-38F4-8C14-66CD484A236C}.Release|x64.Build.0 = Release|x64
		{AE2C1E77-0BD5-38F4-8C14-66CD484A236C}.RelWithDebInfo|x64.ActiveCfg = RelWithDebInfo|x64
		{AE2C1E77-0BD5-38F4-8C14-66CD484A236C}.RelWithDebInfo|x64.Build.0 = RelWithDebInfo|x64
		{0F50DA43-9850-3BB6-A484-BD687EA73D35}.Debug|x64.ActiveCfg = Debug|x64
		{0F50DA43-9850-3BB6-A484-BD687EA73D35}.Debug|x64.Build.0 = Debug|x64
		{0F50DA43-9850-3BB6-A484-BD687EA73D35}.MinSizeRel|x64.ActiveCfg = MinSizeRel|x64
		{0F50DA43-9850-3BB6-A484-BD687EA73D35}.MinSizeRel|x64.Build.0 = MinSizeRel|x64
		{0F50DA43-9850-3BB6-A484-BD687EA73D35}.Release|x64.ActiveCfg = Release|x64
		{0F50DA43-9850-3BB6-A484-BD687EA73D35}.Release|x64.Build.0 = Release|x64
		{0F50DA43-9850-3BB6-A484-BD687EA73D35}.RelWithDebInfo|x64.ActiveCfg = RelWithDebInfo|x64
		{0F50DA43-9850-3BB6-A484-BD687EA73D35}.RelWithDebInfo|x64.Build.0 = RelWithDebInfo|x64
		{C9FBE886-F100-3623-8C30-709224F4EC47}.Debug|x64.ActiveCfg = Debug|x64
		{C9FBE886-F100-3623-8C30-709224F4EC47}.Debug|x64.Build.0 = Debug|x64
		{C9FBE886-F100-3623-8C30-709224F4EC47}.MinSizeRel|x64.ActiveCfg = MinSizeRel|x64
		{C9FBE886-F100-3623-8C30-709224F4EC47}.MinSizeRel|x64.Build.0 = MinSizeRel|x64
		{C9FBE886-F100-3623-8C30-709224F4EC47}.Release|x64.ActiveCfg = Release|x64
		{C9FBE886-F100-3623-8C30-709224F4EC47}.Release|x64.Build.0 = Release|x64
		{C9FBE886-F100-3623-8C30-709224F4EC47}.RelWithDebInfo|x64.ActiveCfg = RelWithDebInfo|x64
		{C9FBE886-F100-3623-8C30-709224F4EC47}.RelWithDebInfo|x64.Build.0 = RelWithDebInfo|x64
		{68139449-13B7-3887-BA13-BE2A78A130BE}.Debug|x64.ActiveCfg = Debug|x64
		{68139449-13B7-3887-BA13-BE2A78A130BE}.Debug|x64.Build.0 = Debug|x64
		{68139449-13B7-3887-BA13-BE2A78A130BE}.MinSizeRel|x64.ActiveCfg = MinSizeRel|x64
		{68139449-13B7-3887-BA13-BE2A78A130BE}.MinSizeRel|x64.Build.0 = MinSizeRel|x64
		{68139449-13B7-3887-BA13-BE2A78A130BE}.Release|x64.ActiveCfg = Release|x64
		{68139449-13B7-3887-BA13-BE2A78A130BE}.Release|x64.Build.0 = Release|x64
		{68139449-13B7-3887-BA13-BE2A78A130BE}.RelWithDebInfo|x64.ActiveCfg = RelWithDebInfo|x64
		{68139449-13B7-3887-BA13-BE2A78A130BE}.RelWithDebInfo|x64.Build.0 = RelWithDebInfo|x64
		{AD566761-4CDA-3291-B6AE-9BCEDD8B4D29}.Debug|x64.ActiveCfg = Debug|x64
		{AD566761-4CDA-3291-B6AE-9BCEDD8B4D29}.Debug|x64.Build.0 = Debug|x64
		{AD566761-4CDA-3291-B6AE-9BCEDD8B4D29}.MinSizeRel|x64.ActiveCfg = MinSizeRel|x64
		{AD566761-4CDA-3291-B6AE-9BCEDD8B4D29}.MinSizeRel|x64.Build.0 = MinSizeRel|x64
		{AD566761-4CDA-3291-B6AE-9BCEDD8B4D29}.Release|x64.ActiveCfg = Release|x64
		{AD566761-4CDA-3291-B6AE-9BCEDD8B4D29}.Release|x64.Build.0 = Release|x64
		{AD566761-4CDA-3291-B6AE-9BCEDD8B4D29}.RelWithDebInfo|x64.ActiveCfg = RelWithDebInfo|x64
		{AD566761-4CDA-3291-B6AE-9BCEDD8B4D29}.RelWithDebInfo|x64.Build.0 = RelWithDebInfo|x64
		{D340A316-D92C-3F1C-AC61-7D3ED1C48BAA}.Debug|x64.ActiveCfg = Debug|x64
		{D340A316-D92C-3F1C-AC61-7D3ED1C48BAA}.Debug|x64.Build.0 = Debug|x64
		{D340A316-D92C-3F1C-AC61-7D3ED1C48BAA}.MinSizeRel|x64.ActiveCfg = MinSizeRel|x64
		{D340A316-D92C-3F1C-AC61-7D3ED1C48BAA}.MinSizeRel|x64.Build.0 = MinSizeRel|x64
		{D340A316-D92C-3F1C-AC61-7D3ED1C48BAA}.Release|x64.ActiveCfg = Release|x64
		{D340A316-D92C-3F1C-AC61-7D3ED1C48BAA}.Release|x64.Build.0 = Release|x64
		{D340A316-D92C-3F1C-AC61-7D3ED1C48BAA}.RelWithDebInfo|x64.ActiveCfg = RelWithDebInfo|x64
		{D340A316-D92C-3F1C-AC61-7D3ED1C48BAA}.RelWithDebInfo|x64.Build.0 = RelWithDebInfo|x64
		{521157A8-3F0F-31EF-8D84-F01CA64DC428}.Debug|x64.ActiveCfg = Debug|x64
		{521157A8-3F0F-31EF-8D84-F01CA64DC428}.Debug|x64.Build.0 = Debug|x64
		{521157A8-3F0F-31EF-8D84-F01CA64DC428}.MinSizeRel|x64.ActiveCfg = MinSizeRel|x64
		{521157A8-3F0F-31EF-8D84-F01CA64DC428}.MinSizeRel|x64.Build.0 = MinSizeRel|x64
		{521157A8-3F0F-31EF-8D84-F01CA64DC428}.Release|x64.ActiveCfg = Release|x64
		{521157A8-3F0F-31EF-8D84-F01CA64DC428}.Release|x64.Build.0 = Release|x64
		{521157A8-3F0F-31EF-8D84-F01CA64DC428}.RelWithDebInfo|x64.ActiveCfg = RelWithDebInfo|x64
		{521157A8-3F0F-31EF-8D84-F01CA64DC428}.RelWithDebInfo|x64.Build.0 = RelWithDebInfo|x64
		{CEED1163-0BEE-31AA-98AB-F3237883D740}.Debug|x64.ActiveCfg = Debug|x64
		{CEED1163-0BEE-31AA-98AB-F3237883D740}.Debug|x64.Build.0 = Debug|x64
		{CEED1163-0BEE-31AA-98AB-F3237883D740}.MinSizeRel|x64.ActiveCfg = MinSizeRel|x64
		{CEED1163-0BEE-31AA-98AB-F3237883D740}.MinSizeRel|x64.Build.0 = MinSizeRel|x64
		{CEED1163-0BEE-31AA-98AB-F3237883D740}.Release|x64.ActiveCfg = Release|x64
		{CEED1163-0BEE-31AA-98AB-F3237883D740}.Release|x64.Build.0 = Release|x64
		{CEED1163-0BEE-31AA-98AB-F3237883D740}.RelWithDebInfo|x64.ActiveCfg = RelWithDebInfo|x64
		{CEED1163-0BEE-31AA-98AB-F3237883D740}.RelWithDebInfo|x64.Build.0 = RelWithDebInfo|x64
		{38C3B570-9F6B-3128-9C72-08907530AC29}.Debug|x64.ActiveCfg = Debug|x64
		{38C3B570-9F6B-3128-9C72-08907530AC29}.Debug|x64.Build.0 = Debug|x64
		{38C3B570-9F6B-3128-9C72-08907530AC29}.MinSizeRel|x64.ActiveCfg = MinSizeRel|x64
		{38C3B570-9F6B-3128-9C72-08907530AC29}.MinSizeRel|x64.Build.0 = MinSizeRel|x64
		{38C3B570-9F6B-3128-9C72-08907530AC29}.Release|x64.ActiveCfg = Release|x64
		{38C3B570-9F6B-3128-9C72-08907530AC29}.Release|x64.Build.0 = Release|x64
		{38C3B570-9F6B-3128-9C72-08907530AC29}.RelWithDebInfo|x64.ActiveCfg = RelWithDebInfo|x64
		{38C3B570-9F6B-3128-9C72-08907530AC29}.RelWithDebInfo|x64.Build.0 = RelWithDebInfo|x64
		{0E2B52A9-BFE1-39C2-8C07-DB110ED9315F}.Debug|x64.ActiveCfg = Debug|x64
		{0E2B52A9-BFE1-39C2-8C07-DB110ED9315F}.Debug|x64.Build.0 = Debug|x64
		{0E2B52A9-BFE1-39C2-8C07-DB110ED9315F}.MinSizeRel|x64.ActiveCfg = MinSizeRel|x64
		{0E2B52A9-BFE1-39C2-8C07-DB110ED9315F}.MinSizeRel|x64.Build.0 = MinSizeRel|x64
		{0E2B52A9-BFE1-39C2-8C07-DB110ED9315F}.Release|x64.ActiveCfg = Release|x64
		{0E2B52A9-BFE1-39C2-8C07-DB110ED9315F}.Release|x64.Build.0 = Release|x64
		{0E2B52A9-BFE1-39C2-8C07-DB110ED9315F}.RelWithDebInfo|x64.ActiveCfg = RelWithDebInfo|x64
		{0E2B52A9-BFE1-39C2-8C07-DB110ED9315F}.RelWithDebInfo|x64.Build.0 = RelWithDebInfo|x64
		{1CD9568D-FA67-3655-A77D-861C604CBF7F}.Debug|x64.ActiveCfg = Debug|x64
		{1CD9568D-FA67-3655-A77D-861C604CBF7F}.Debug|x64.Build.0 = Debug|x64
		{1CD9568D-FA67-3655-A77D-861C604CBF7F}.MinSizeRel|x64.ActiveCfg = MinSizeRel|x64
		{1CD9568D-FA67-3655-A77D-861C604CBF7F}.MinSizeRel|x64.Build.0 = MinSizeRel|x64
		{1CD9568D-FA67-3655-A77D-861C604CBF7F}.Release|x64.ActiveCfg = Release|x64
		{1CD9568D-FA67-3655-A77D-861C604CBF7F}.Release|x64.Build.0 = Release|x64
		{1CD9568D-FA67-3655-A77D-861C604CBF7F}.RelWithDebInfo|x64.ActiveCfg = RelWithDebInfo|x64
		{1CD9568D-FA67-3655-A77D-861C604CBF7F}.RelWithDebInfo|x64.Build.0 = RelWithDebInfo|x64
		{EA121FB1-18A8-3858-9177-E9787BDFC913}.Debug|x64.ActiveCfg = Debug|x64
		{EA121FB1-18A8-3858-9177-E9787BDFC913}.Debug|x64.Build.0 = Debug|x64
		{EA121FB1-18A8-3858-9177-E9787BDFC913}.MinSizeRel|x64.ActiveCfg = MinSizeRel|x64
		{EA121FB1-18A8-3858-9177-E9787BDFC913}.MinSizeRel|x64.Build.0 = MinSizeRel|x64
		{EA121FB1-18A8-3858-9177-E9787BDFC913}.Release|x64.ActiveCfg = Release|x64
		{EA121FB1-18A8-3858-9177-E9787BDFC913}.Release|x64.Build.0 = Release|x64
		{EA121FB1-18A8-3858-9177-E9787BDFC913}.RelWithDebInfo|x64.ActiveCfg = RelWithDebInfo|x64
		{EA121FB1-18A8-3858-9177-E9787BDFC913}.RelWithDebInfo|x64.Build.0 = RelWithDebInfo|x64
		{1C6F5E4A-B5D1-3BDF-B40A-AB916DCECCC4}.Debug|x64.ActiveCfg = Debug|x64
		{1C6F5E4A-B5D1-3BDF-B40A-AB916DCECCC4}.Debug|x64.Build.0 = Debug|x64
		{1C6F5E4A-B5D1-3BDF-B40A-AB916DCECCC4}.MinSizeRel|x64.ActiveCfg = MinSizeRel|x64
		{1C6F5E4A-B5D1-3BDF-B40A-AB916DCECCC4}.MinSizeRel|x64.Build.0 = MinSizeRel|x64
		{1C6F5E4A-B5D1-3BDF-B40A-AB916DCECCC4}.Release|x64.ActiveCfg = Release|x64
		{1C6F5E4A-B5D1-3BDF-B40A-AB916DCECCC4}.Release|x64.Build.0 = Release|x64
		{1C6F5E4A-B5D1-3BDF-B40A-AB916DCECCC4}.RelWithDebInfo|x64.ActiveCfg = RelWithDebInfo|x64
		{1C6F5E4A-B5D1-3BDF-B40A-AB916DCECCC4}.RelWithDebInfo|x64.Build.0 = RelWithDebInfo|x64
		{5CE1C7BA-F802-366A-B9C1-0E51EF880B5D}.Debug|x64.ActiveCfg = Debug|x64
		{5CE1C7BA-F802-366A-B9C1-0E51EF880B5D}.Debug|x64.Build.0 = Debug|x64
		{5CE1C7BA-F802-366A-B9C1-0E51EF880B5D}.MinSizeRel|x64.ActiveCfg = MinSizeRel|x64
		{5CE1C7BA-F802-366A-B9C1-0E51EF880B5D}.MinSizeRel|x64.Build.0 = MinSizeRel|x64
		{5CE1C7BA-F802-366A-B9C1-0E51EF880B5D}.Release|x64.ActiveCfg = Release|x64
		{5CE1C7BA-F802-366A-B9C1-0E51EF880B5D}.Release|x64.Build.0 = Release|x64
		{5CE1C7BA-F802-366A-B9C1-0E51EF880B5D}.RelWithDebInfo|x64.ActiveCfg = RelWithDebInfo|x64
		{5CE1C7BA-F802-366A-B9C1-0E51EF880B5D}.RelWithDebInfo|x64.Build.0 = RelWithDebInfo|x64
		{F1173030-C821-348A-8660-3B6CE2614D1B}.Debug|x64.ActiveCfg = Debug|x64
		{F1173030-C821-348A-8660-3B6CE2614D1B}.Debug|x64.Build.0 = Debug|x64
		{F1173030-C821-348A-8660-3B6CE2614D1B}.MinSizeRel|x64.ActiveCfg = MinSizeRel|x64
		{F1173030-C821-348A-8660-3B6CE2614D1B}.MinSizeRel|x64.Build.0 = MinSizeRel|x64
		{F1173030-C821-348A-8660-3B6CE2614D1B}.Release|x64.ActiveCfg = Release|x64
		{F1173030-C821-348A-8660-3B6CE2614D1B}.Release|x64.Build.0 = Release|x64
		{F1173030-C821-348A-8660-3B6CE2614D1B}.RelWithDebInfo|x64.ActiveCfg = RelWithDebInfo|x64
		{F1173030-C821-348A-8660-3B6CE2614D1B}.RelWithDebInfo|x64.Build.0 = RelWithDebInfo|x64
		{01C36E3D-4E5B-34E0-A5B5-6CCAC42671B4}.Debug|x64.ActiveCfg = Debug|x64
		{01C36E3D-4E5B-34E0-A5B5-6CCAC42671B4}.Debug|x64.Build.0 = Debug|x64
		{01C36E3D-4E5B-34E0-A5B5-6CCAC42671B4}.MinSizeRel|x64.ActiveCfg = MinSizeRel|x64
		{01C36E3D-4E5B-34E0-A5B5-6CCAC42671B4}.MinSizeRel|x64.Build.0 = MinSizeRel|x64
		{01C36E3D-4E5B-34E0-A5B5-6CCAC42671B4}.Release|x64.ActiveCfg = Release|x64
		{01C36E3D-4E5B-34E0-A5B5-6CCAC42671B4}.Release|x64.Build.0 = Release|x64
		{01C36E3D-4E5B-34E0-A5B5-6CCAC42671B4}.RelWithDebInfo|x64.ActiveCfg = RelWithDebInfo|x64
		{01C36E3D-4E5B-34E0-A5B5-6CCAC42671B4}.RelWithDebInfo|x64.Build.0 = RelWithDebInfo|x64
		{53C5ABAA-2427-3E53-BA80-1752BE5415D4}.Debug|x64.ActiveCfg = Debug|x64
		{53C5ABAA-2427-3E53-BA80-1752BE5415D4}.Debug|x64.Build.0 = Debug|x64
		{53C5ABAA-2427-3E53-BA80-1752BE5415D4}.MinSizeRel|x64.ActiveCfg = MinSizeRel|x64
		{53C5ABAA-2427-3E53-BA80-1752BE5415D4}.MinSizeRel|x64.Build.0 = MinSizeRel|x64
		{53C5ABAA-2427-3E53-BA80-1752BE5415D4}.Release|x64.ActiveCfg = Release|x64
		{53C5ABAA-2427-3E53-BA80-1752BE5415D4}.Release|x64.Build.0 = Release|x64
		{53C5ABAA-2427-3E53-BA80-1752BE5415D4}.RelWithDebInfo|x64.ActiveCfg = RelWithDebInfo|x64
		{53C5ABAA-2427-3E53-BA80-1752BE5415D4}.RelWithDebInfo|x64.Build.0 = RelWithDebInfo|x64
		{AD6D0342-DFC0-3F78-82E7-4C82C016DC69}.Debug|x64.ActiveCfg = Debug|x64
		{AD6D0342-DFC0-3F78-82E7-4C82C016DC69}.Debug|x64.Build.0 = Debug|x64
		{AD6D0342-DFC0-3F78-82E7-4C82C016DC69}.MinSizeRel|x64.ActiveCfg = MinSizeRel|x64
		{AD6D0342-DFC0-3F78-82E7-4C82C016DC69}.MinSizeRel|x64.Build.0 = MinSizeRel|x64
		{AD6D0342-DFC0-3F78-82E7-4C82C016DC69}.Release|x64.ActiveCfg = Release|x64
		{AD6D0342-DFC0-3F78-82E7-4C82C016DC69}.Release|x64.Build.0 = Release|x64
		{AD6D0342-DFC0-3F78-82E7-4C82C016DC69}.RelWithDebInfo|x64.ActiveCfg = RelWithDebInfo|x64
		{AD6D0342-DFC0-3F78-82E7-4C82C016DC69}.RelWithDebInfo|x64.Build.0 = RelWithDebInfo|x64
		{1E0C4E3A-9153-3FC8-BA68-ACA2E1787341}.Debug|x64.ActiveCfg = Debug|x64
		{1E0C4E3A-9153-3FC8-BA68-ACA2E1787341}.Debug|x64.Build.0 = Debug|x64
		{1E0C4E3A-9153-3FC8-BA68-ACA2E1787341}.MinSizeRel|x64.ActiveCfg = MinSizeRel|x64
		{1E0C4E3A-9153-3FC8-BA68-ACA2E1787341}.MinSizeRel|x64.Build.0 = MinSizeRel|x64
		{1E0C4E3A-9153-3FC8-BA68-ACA2E1787341}.Release|x64.ActiveCfg = Release|x64
		{1E0C4E3A-9153-3FC8-BA68-ACA2E1787341}.Release|x64.Build.0 = Release|x64
		{1E0C4E3A-9153-3FC8-BA68-ACA2E1787341}.RelWithDebInfo|x64.ActiveCfg = RelWithDebInfo|x64
		{1E0C4E3A-9153-3FC8-BA68-ACA2E1787341}.RelWithDebInfo|x64.Build.0 = RelWithDebInfo|x64
		{B77DD750-1642-30AA-9DC1-46F1C0135F45}.Debug|x64.ActiveCfg = Debug|x64
		{B77DD750-1642-30AA-9DC1-46F1C0135F45}.Debug|x64.Build.0 = Debug|x64
		{B77DD750-1642-30AA-9DC1-46F1C0135F45}.MinSizeRel|x64.ActiveCfg = MinSizeRel|x64
		{B77DD750-1642-30AA-9DC1-46F1C0135F45}.MinSizeRel|x64.Build.0 = MinSizeRel|x64
		{B77DD750-1642-30AA-9DC1-46F1C0135F45}.Release|x64.ActiveCfg = Release|x64
		{B77DD750-1642-30AA-9DC1-46F1C0135F45}.Release|x64.Build.0 = Release|x64
		{B77DD750-1642-30AA-9DC1-46F1C0135F45}.RelWithDebInfo|x64.ActiveCfg = RelWithDebInfo|x64
		{B77DD750-1642-30AA-9DC1-46F1C0135F45}.RelWithDebInfo|x64.Build.0 = RelWithDebInfo|x64
		{778E5F0F-490B-334F-AC27-F1487F5BC0CD}.Debug|x64.ActiveCfg = Debug|x64
		{778E5F0F-490B-334F-AC27-F1487F5BC0CD}.Debug|x64.Build.0 = Debug|x64
		{778E5F0F-490B-334F-AC27-F1487F5BC0CD}.MinSizeRel|x64.ActiveCfg = MinSizeRel|x64
		{778E5F0F-490B-334F-AC27-F1487F5BC0CD}.MinSizeRel|x64.Build.0 = MinSizeRel|x64
		{778E5F0F-490B-334F-AC27-F1487F5BC0CD}.Release|x64.ActiveCfg = Release|x64
		{778E5F0F-490B-334F-AC27-F1487F5BC0CD}.Release|x64.Build.0 = Release|x64
		{778E5F0F-490B-334F-AC27-F1487F5BC0CD}.RelWithDebInfo|x64.ActiveCfg = RelWithDebInfo|x64
		{778E5F0F-490B-334F-AC27-F1487F5BC0CD}.RelWithDebInfo|x64.Build.0 = RelWithDebInfo|x64
		{32111518-AD64-3D8A-80EB-A14FAADDCD91}.Debug|x64.ActiveCfg = Debug|x64
		{32111518-AD64-3D8A-80EB-A14FAADDCD91}.Debug|x64.Build.0 = Debug|x64
		{32111518-AD64-3D8A-80EB-A14FAADDCD91}.MinSizeRel|x64.ActiveCfg = MinSizeRel|x64
		{32111518-AD64-3D8A-80EB-A14FAADDCD91}.MinSizeRel|x64.Build.0 = MinSizeRel|x64
		{32111518-AD64-3D8A-80EB-A14FAADDCD91}.Release|x64.ActiveCfg = Release|x64
		{32111518-AD64-3D8A-80EB-A14FAADDCD91}.Release|x64.Build.0 = Release|x64
		{32111518-AD64-3D8A-80EB-A14FAADDCD91}.RelWithDebInfo|x64.ActiveCfg = RelWithDebInfo|x64
		{32111518-AD64-3D8A-80EB-A14FAADDCD91}.RelWithDebInfo|x64.Build.0 = RelWithDebInfo|x64
		{76FCA428-B031-33EE-8716-C9F5D8309E23}.Debug|x64.ActiveCfg = Debug|x64
		{76FCA428-B031-33EE-8716-C9F5D8309E23}.Debug|x64.Build.0 = Debug|x64
		{76FCA428-B031-33EE-8716-C9F5D8309E23}.MinSizeRel|x64.ActiveCfg = MinSizeRel|x64
		{76FCA428-B031-33EE-8716-C9F5D8309E23}.MinSizeRel|x64.Build.0 = MinSizeRel|x64
		{76FCA428-B031-33EE-8716-C9F5D8309E23}.Release|x64.ActiveCfg = Release|x64
		{76FCA428-B031-33EE-8716-C9F5D8309E23}.Release|x64.Build.0 = Release|x64
		{76FCA428-B031-33EE-8716-C9F5D8309E23}.RelWithDebInfo|x64.ActiveCfg = RelWithDebInfo|x64
		{76FCA428-B031-33EE-8716-C9F5D8309E23}.RelWithDebInfo|x64.Build.0 = RelWithDebInfo|x64
		{AFB9A604-5A8B-3893-8A34-09010488274B}.Debug|x64.ActiveCfg = Debug|x64
		{AFB9A604-5A8B-3893-8A34-09010488274B}.Debug|x64.Build.0 = Debug|x64
		{AFB9A604-5A8B-3893-8A34-09010488274B}.MinSizeRel|x64.ActiveCfg = MinSizeRel|x64
		{AFB9A604-5A8B-3893-8A34-09010488274B}.MinSizeRel|x64.Build.0 = MinSizeRel|x64
		{AFB9A604-5A8B-3893-8A34-09010488274B}.Release|x64.ActiveCfg = Release|x64
		{AFB9A604-5A8B-3893-8A34-09010488274B}.Release|x64.Build.0 = Release|x64
		{AFB9A604-5A8B-3893-8A34-09010488274B}.RelWithDebInfo|x64.ActiveCfg = RelWithDebInfo|x64
		{AFB9A604-5A8B-3893-8A34-09010488274B}.RelWithDebInfo|x64.Build.0 = RelWithDebInfo|x64
		{66830DFF-6EE5-36F0-B32C-274830451E4E}.Debug|x64.ActiveCfg = Debug|x64
		{66830DFF-6EE5-36F0-B32C-274830451E4E}.Debug|x64.Build.0 = Debug|x64
		{66830DFF-6EE5-36F0-B32C-274830451E4E}.MinSizeRel|x64.ActiveCfg = MinSizeRel|x64
		{66830DFF-6EE5-36F0-B32C-274830451E4E}.MinSizeRel|x64.Build.0 = MinSizeRel|x64
		{66830DFF-6EE5-36F0-B32C-274830451E4E}.Release|x64.ActiveCfg = Release|x64
		{66830DFF-6EE5-36F0-B32C-274830451E4E}.Release|x64.Build.0 = Release|x64
		{66830DFF-6EE5-36F0-B32C-274830451E4E}.RelWithDebInfo|x64.ActiveCfg = RelWithDebInfo|x64
		{66830DFF-6EE5-36F0-B32C-274830451E4E}.RelWithDebInfo|x64.Build.0 = RelWithDebInfo|x64
		{00200997-BB32-3C79-BC0B-81D22D45B2CD}.Debug|x64.ActiveCfg = Debug|x64
		{00200997-BB32-3C79-BC0B-81D22D45B2CD}.Debug|x64.Build.0 = Debug|x64
		{00200997-BB32-3C79-BC0B-81D22D45B2CD}.MinSizeRel|x64.ActiveCfg = MinSizeRel|x64
		{00200997-BB32-3C79-BC0B-81D22D45B2CD}.MinSizeRel|x64.Build.0 = MinSizeRel|x64
		{00200997-BB32-3C79-BC0B-81D22D45B2CD}.Release|x64.ActiveCfg = Release|x64
		{00200997-BB32-3C79-BC0B-81D22D45B2CD}.Release|x64.Build.0 = Release|x64
		{00200997-BB32-3C79-BC0B-81D22D45B2CD}.RelWithDebInfo|x64.ActiveCfg = RelWithDebInfo|x64
		{00200997-BB32-3C79-BC0B-81D22D45B2CD}.RelWithDebInfo|x64.Build.0 = RelWithDebInfo|x64
		{03C0A952-F957-327F-8A05-0CF6E7743B99}.Debug|x64.ActiveCfg = Debug|x64
		{03C0A952-F957-327F-8A05-0CF6E7743B99}.Debug|x64.Build.0 = Debug|x64
		{03C0A952-F957-327F-8A05-0CF6E7743B99}.MinSizeRel|x64.ActiveCfg = MinSizeRel|x64
		{03C0A952-F957-327F-8A05-0CF6E7743B99}.MinSizeRel|x64.Build.0 = MinSizeRel|x64
		{03C0A952-F957-327F-8A05-0CF6E7743B99}.Release|x64.ActiveCfg = Release|x64
		{03C0A952-F957-327F-8A05-0CF6E7743B99}.Release|x64.Build.0 = Release|x64
		{03C0A952-F957-327F-8A05-0CF6E7743B99}.RelWithDebInfo|x64.ActiveCfg = RelWithDebInfo|x64
		{03C0A952-F957-327F-8A05-0CF6E7743B99}.RelWithDebInfo|x64.Build.0 = RelWithDebInfo|x64
		{46EB3840-C3D9-36C7-8E38-E700812320CA}.Debug|x64.ActiveCfg = Debug|x64
		{46EB3840-C3D9-36C7-8E38-E700812320CA}.Debug|x64.Build.0 = Debug|x64
		{46EB3840-C3D9-36C7-8E38-E700812320CA}.MinSizeRel|x64.ActiveCfg = MinSizeRel|x64
		{46EB3840-C3D9-36C7-8E38-E700812320CA}.MinSizeRel|x64.Build.0 = MinSizeRel|x64
		{46EB3840-C3D9-36C7-8E38-E700812320CA}.Release|x64.ActiveCfg = Release|x64
		{46EB3840-C3D9-36C7-8E38-E700812320CA}.Release|x64.Build.0 = Release|x64
		{46EB3840-C3D9-36C7-8E38-E700812320CA}.RelWithDebInfo|x64.ActiveCfg = RelWithDebInfo|x64
		{46EB3840-C3D9-36C7-8E38-E700812320CA}.RelWithDebInfo|x64.Build.0 = RelWithDebInfo|x64
		{939EB7C1-C735-358F-BD09-A7F5D9D8F239}.Debug|x64.ActiveCfg = Debug|x64
		{939EB7C1-C735-358F-BD09-A7F5D9D8F239}.Debug|x64.Build.0 = Debug|x64
		{939EB7C1-C735-358F-BD09-A7F5D9D8F239}.MinSizeRel|x64.ActiveCfg = MinSizeRel|x64
		{939EB7C1-C735-358F-BD09-A7F5D9D8F239}.MinSizeRel|x64.Build.0 = MinSizeRel|x64
		{939EB7C1-C735-358F-BD09-A7F5D9D8F239}.Release|x64.ActiveCfg = Release|x64
		{939EB7C1-C735-358F-BD09-A7F5D9D8F239}.Release|x64.Build.0 = Release|x64
		{939EB7C1-C735-358F-BD09-A7F5D9D8F239}.RelWithDebInfo|x64.ActiveCfg = RelWithDebInfo|x64
		{939EB7C1-C735-358F-BD09-A7F5D9D8F239}.RelWithDebInfo|x64.Build.0 = RelWithDebInfo|x64
		{1ADABE05-3A27-304F-A285-1521D53F6F0F}.Debug|x64.ActiveCfg = Debug|x64
		{1ADABE05-3A27-304F-A285-1521D53F6F0F}.Debug|x64.Build.0 = Debug|x64
		{1ADABE05-3A27-304F-A285-1521D53F6F0F}.MinSizeRel|x64.ActiveCfg = MinSizeRel|x64
		{1ADABE05-3A27-304F-A285-1521D53F6F0F}.MinSizeRel|x64.Build.0 = MinSizeRel|x64
		{1ADABE05-3A27-304F-A285-1521D53F6F0F}.Release|x64.ActiveCfg = Release|x64
		{1ADABE05-3A27-304F-A285-1521D53F6F0F}.Release|x64.Build.0 = Release|x64
		{1ADABE05-3A27-304F-A285-1521D53F6F0F}.RelWithDebInfo|x64.ActiveCfg = RelWithDebInfo|x64
		{1ADABE05-3A27-304F-A285-1521D53F6F0F}.RelWithDebInfo|x64.Build.0 = RelWithDebInfo|x64
		{4CC77DC6-531C-3E11-833B-F39BCF0C22BE}.Debug|x64.ActiveCfg = Debug|x64
		{4CC77DC6-531C-3E11-833B-F39BCF0C22BE}.Debug|x64.Build.0 = Debug|x64
		{4CC77DC6-531C-3E11-833B-F39BCF0C22BE}.MinSizeRel|x64.ActiveCfg = MinSizeRel|x64
		{4CC77DC6-531C-3E11-833B-F39BCF0C22BE}.MinSizeRel|x64.Build.0 = MinSizeRel|x64
		{4CC77DC6-531C-3E11-833B-F39BCF0C22BE}.Release|x64.ActiveCfg = Release|x64
		{4CC77DC6-531C-3E11-833B-F39BCF0C22BE}.Release|x64.Build.0 = Release|x64
		{4CC77DC6-531C-3E11-833B-F39BCF0C22BE}.RelWithDebInfo|x64.ActiveCfg = RelWithDebInfo|x64
		{4CC77DC6-531C-3E11-833B-F39BCF0C22BE}.RelWithDebInfo|x64.Build.0 = RelWithDebInfo|x64
		{EF5CA190-159A-33B4-A293-489CEEE2EB35}.Debug|x64.ActiveCfg = Debug|x64
		{EF5CA190-159A-33B4-A293-489CEEE2EB35}.Debug|x64.Build.0 = Debug|x64
		{EF5CA190-159A-33B4-A293-489CEEE2EB35}.MinSizeRel|x64.ActiveCfg = MinSizeRel|x64
		{EF5CA190-159A-33B4-A293-489CEEE2EB35}.MinSizeRel|x64.Build.0 = MinSizeRel|x64
		{EF5CA190-159A-33B4-A293-489CEEE2EB35}.Release|x64.ActiveCfg = Release|x64
		{EF5CA190-159A-33B4-A293-489CEEE2EB35}.Release|x64.Build.0 = Release|x64
		{EF5CA190-159A-33B4-A293-489CEEE2EB35}.RelWithDebInfo|x64.ActiveCfg = RelWithDebInfo|x64
		{EF5CA190-159A-33B4-A293-489CEEE2EB35}.RelWithDebInfo|x64.Build.0 = RelWithDebInfo|x64
		{9167FA70-2D9A-3C74-9CD4-D7F0C0DF473E}.Debug|x64.ActiveCfg = Debug|x64
		{9167FA70-2D9A-3C74-9CD4-D7F0C0DF473E}.Debug|x64.Build.0 = Debug|x64
		{9167FA70-2D9A-3C74-9CD4-D7F0C0DF473E}.MinSizeRel|x64.ActiveCfg = MinSizeRel|x64
		{9167FA70-2D9A-3C74-9CD4-D7F0C0DF473E}.MinSizeRel|x64.Build.0 = MinSizeRel|x64
		{9167FA70-2D9A-3C74-9CD4-D7F0C0DF473E}.Release|x64.ActiveCfg = Release|x64
		{9167FA70-2D9A-3C74-9CD4-D7F0C0DF473E}.Release|x64.Build.0 = Release|x64
		{9167FA70-2D9A-3C74-9CD4-D7F0C0DF473E}.RelWithDebInfo|x64.ActiveCfg = RelWithDebInfo|x64
		{9167FA70-2D9A-3C74-9CD4-D7F0C0DF473E}.RelWithDebInfo|x64.Build.0 = RelWithDebInfo|x64
		{CA17D1DC-0D97-36A6-8010-2DB3D9E8C99F}.Debug|x64.ActiveCfg = Debug|x64
		{CA17D1DC-0D97-36A6-8010-2DB3D9E8C99F}.Debug|x64.Build.0 = Debug|x64
		{CA17D1DC-0D97-36A6-8010-2DB3D9E8C99F}.MinSizeRel|x64.ActiveCfg = MinSizeRel|x64
		{CA17D1DC-0D97-36A6-8010-2DB3D9E8C99F}.MinSizeRel|x64.Build.0 = MinSizeRel|x64
		{CA17D1DC-0D97-36A6-8010-2DB3D9E8C99F}.Release|x64.ActiveCfg = Release|x64
		{CA17D1DC-0D97-36A6-8010-2DB3D9E8C99F}.Release|x64.Build.0 = Release|x64
		{CA17D1DC-0D97-36A6-8010-2DB3D9E8C99F}.RelWithDebInfo|x64.ActiveCfg = RelWithDebInfo|x64
		{CA17D1DC-0D97-36A6-8010-2DB3D9E8C99F}.RelWithDebInfo|x64.Build.0 = RelWithDebInfo|x64
	EndGlobalSection
	GlobalSection(SolutionProperties) = preSolution
		HideSolutionNode = FALSE
	EndGlobalSection
	GlobalSection(NestedProjects) = preSolution
		{0F9E4F10-1429-3E18-BD95-F1F430D60350} = {B08D2F09-D268-3F57-B171-0C8EEE43B8EA}
		{C75DBDBF-EB3C-3C75-BF8C-4454F5698950} = {B08D2F09-D268-3F57-B171-0C8EEE43B8EA}
		{AE2C1E77-0BD5-38F4-8C14-66CD484A236C} = {0F9E4F10-1429-3E18-BD95-F1F430D60350}
		{0F50DA43-9850-3BB6-A484-BD687EA73D35} = {0F9E4F10-1429-3E18-BD95-F1F430D60350}
		{C9FBE886-F100-3623-8C30-709224F4EC47} = {0F9E4F10-1429-3E18-BD95-F1F430D60350}
		{68139449-13B7-3887-BA13-BE2A78A130BE} = {0F9E4F10-1429-3E18-BD95-F1F430D60350}
		{AD566761-4CDA-3291-B6AE-9BCEDD8B4D29} = {0F9E4F10-1429-3E18-BD95-F1F430D60350}
		{D340A316-D92C-3F1C-AC61-7D3ED1C48BAA} = {0F9E4F10-1429-3E18-BD95-F1F430D60350}
		{521157A8-3F0F-31EF-8D84-F01CA64DC428} = {0F9E4F10-1429-3E18-BD95-F1F430D60350}
		{CEED1163-0BEE-31AA-98AB-F3237883D740} = {0F9E4F10-1429-3E18-BD95-F1F430D60350}
		{38C3B570-9F6B-3128-9C72-08907530AC29} = {0F9E4F10-1429-3E18-BD95-F1F430D60350}
		{0E2B52A9-BFE1-39C2-8C07-DB110ED9315F} = {0F9E4F10-1429-3E18-BD95-F1F430D60350}
		{1CD9568D-FA67-3655-A77D-861C604CBF7F} = {0F9E4F10-1429-3E18-BD95-F1F430D60350}
		{EA121FB1-18A8-3858-9177-E9787BDFC913} = {C75DBDBF-EB3C-3C75-BF8C-4454F5698950}
		{1C6F5E4A-B5D1-3BDF-B40A-AB916DCECCC4} = {C75DBDBF-EB3C-3C75-BF8C-4454F5698950}
		{5CE1C7BA-F802-366A-B9C1-0E51EF880B5D} = {C75DBDBF-EB3C-3C75-BF8C-4454F5698950}
		{F1173030-C821-348A-8660-3B6CE2614D1B} = {0F9E4F10-1429-3E18-BD95-F1F430D60350}
		{01C36E3D-4E5B-34E0-A5B5-6CCAC42671B4} = {0F9E4F10-1429-3E18-BD95-F1F430D60350}
		{53C5ABAA-2427-3E53-BA80-1752BE5415D4} = {0F9E4F10-1429-3E18-BD95-F1F430D60350}
		{AD6D0342-DFC0-3F78-82E7-4C82C016DC69} = {0F9E4F10-1429-3E18-BD95-F1F430D60350}
		{1E0C4E3A-9153-3FC8-BA68-ACA2E1787341} = {0F9E4F10-1429-3E18-BD95-F1F430D60350}
		{B77DD750-1642-30AA-9DC1-46F1C0135F45} = {0F9E4F10-1429-3E18-BD95-F1F430D60350}
		{778E5F0F-490B-334F-AC27-F1487F5BC0CD} = {0F9E4F10-1429-3E18-BD95-F1F430D60350}
		{32111518-AD64-3D8A-80EB-A14FAADDCD91} = {0F9E4F10-1429-3E18-BD95-F1F430D60350}
		{76FCA428-B031-33EE-8716-C9F5D8309E23} = {0F9E4F10-1429-3E18-BD95-F1F430D60350}
		{AFB9A604-5A8B-3893-8A34-09010488274B} = {0F9E4F10-1429-3E18-BD95-F1F430D60350}
		{66830DFF-6EE5-36F0-B32C-274830451E4E} = {0F9E4F10-1429-3E18-BD95-F1F430D60350}
		{00200997-BB32-3C79-BC0B-81D22D45B2CD} = {0F9E4F10-1429-3E18-BD95-F1F430D60350}
		{03C0A952-F957-327F-8A05-0CF6E7743B99} = {0F9E4F10-1429-3E18-BD95-F1F430D60350}
		{46EB3840-C3D9-36C7-8E38-E700812320CA} = {0F9E4F10-1429-3E18-BD95-F1F430D60350}
		{939EB7C1-C735-358F-BD09-A7F5D9D8F239} = {0F9E4F10-1429-3E18-BD95-F1F430D60350}
		{1ADABE05-3A27-304F-A285-1521D53F6F0F} = {0F9E4F10-1429-3E18-BD95-F1F430D60350}
		{4CC77DC6-531C-3E11-833B-F39BCF0C22BE} = {0F9E4F10-1429-3E18-BD95-F1F430D60350}
		{EF5CA190-159A-33B4-A293-489CEEE2EB35} = {0F9E4F10-1429-3E18-BD95-F1F430D60350}
		{9167FA70-2D9A-3C74-9CD4-D7F0C0DF473E} = {0F9E4F10-1429-3E18-BD95-F1F430D60350}
		{CA17D1DC-0D97-36A6-8010-2DB3D9E8C99F} = {0F9E4F10-1429-3E18-BD95-F1F430D60350}
	EndGlobalSection
	GlobalSection(ExtensibilityGlobals) = postSolution
		SolutionGuid = {783DCEA5-0BED-347F-A899-11F1CBDDD7FA}
	EndGlobalSection
EndGlobal
