<?xml version="1.0" encoding="utf-8"?>
<Project ToolsVersion="17.0" xmlns="http://schemas.microsoft.com/developer/msbuild/2003">
  <ItemGroup>
    <ClCompile Include="src\tutorial_server_monitoreditems.c" />
  </ItemGroup>
  <ItemGroup>
    <ClInclude Include="src\common.h" />
  </ItemGroup>
  <ItemGroup>
    <Filter Include="Header Files">
      <UniqueIdentifier>{FE248200-C7D2-3198-88ED-45DC0A35D5D9}</UniqueIdentifier>
    </Filter>
  </ItemGroup>
</Project>